
Microsoft Visual Studio Solution File, Format Version 12.00
# Visual Studio Version 17
VisualStudioVersion = 17.14.36221.1 d17.14
MinimumVisualStudioVersion = 10.0.40219.1
Project("{FAE04EC0-301F-11D3-BF4B-00C04F79EFBC}") = "Chess", "Chess\Chess.csproj", "{3255D491-1BA6-4605-8D81-403FAA753058}"
EndProject
Global
	GlobalSection(SolutionConfigurationPlatforms) = preSolution
		Debug|Any CPU = Debug|Any CPU
		Release|Any CPU = Release|Any CPU
	EndGlobalSection
	GlobalSection(ProjectConfigurationPlatforms) = postSolution
		{3255D491-1BA6-4605-8D81-403FAA753058}.Debug|Any CPU.ActiveCfg = Debug|Any CPU
		{3255D491-1BA6-4605-8D81-403FAA753058}.Debug|Any CPU.Build.0 = Debug|Any CPU
		{3255D491-1BA6-4605-8D81-403FAA753058}.Release|Any CPU.ActiveCfg = Release|Any CPU
		{3255D491-1BA6-4605-8D81-403FAA753058}.Release|Any CPU.Build.0 = Release|Any CPU
	EndGlobalSection
	GlobalSection(SolutionProperties) = preSolution
		HideSolutionNode = FALSE
	EndGlobalSection
	GlobalSection(ExtensibilityGlobals) = postSolution
		SolutionGuid = {DF623A27-0880-46F9-960A-08E9D4B5346D}
	EndGlobalSection
EndGlobal
